
Microsoft Visual Studio Solution File, Format Version 12.00
# Visual Studio 15
VisualStudioVersion = 15.0.26228.9
MinimumVisualStudioVersion = 10.0.40219.1
Project("{FAE04EC0-301F-11D3-BF4B-00C04F79EFBC}") = "OSJK.Web", "OSJK.Web\OSJK.Web.csproj", "{8BC841F1-A165-46EA-A21E-7E628208F8F2}"
EndProject
Project("{FAE04EC0-301F-11D3-BF4B-00C04F79EFBC}") = "OSJK.Core", "OSJK.Core\OSJK.Core.csproj", "{6085F954-C771-4E01-9D00-EEC03350C0F9}"
EndProject
Global
	GlobalSection(SolutionConfigurationPlatforms) = preSolution
		Debug|Any CPU = Debug|Any CPU
		Release|Any CPU = Release|Any CPU
	EndGlobalSection
	GlobalSection(ProjectConfigurationPlatforms) = postSolution
		{8BC841F1-A165-46EA-A21E-7E628208F8F2}.Debug|Any CPU.ActiveCfg = Debug|Any CPU
		{8BC841F1-A165-46EA-A21E-7E628208F8F2}.Debug|Any CPU.Build.0 = Debug|Any CPU
		{8BC841F1-A165-46EA-A21E-7E628208F8F2}.Release|Any CPU.ActiveCfg = Release|Any CPU
		{8BC841F1-A165-46EA-A21E-7E628208F8F2}.Release|Any CPU.Build.0 = Release|Any CPU
		{6085F954-C771-4E01-9D00-EEC03350C0F9}.Debug|Any CPU.ActiveCfg = Debug|Any CPU
		{6085F954-C771-4E01-9D00-EEC03350C0F9}.Debug|Any CPU.Build.0 = Debug|Any CPU
		{6085F954-C771-4E01-9D00-EEC03350C0F9}.Release|Any CPU.ActiveCfg = Release|Any CPU
		{6085F954-C771-4E01-9D00-EEC03350C0F9}.Release|Any CPU.Build.0 = Release|Any CPU
	EndGlobalSection
	GlobalSection(SolutionProperties) = preSolution
		HideSolutionNode = FALSE
	EndGlobalSection
EndGlobal
